
Microsoft Visual Studio Solution File, Format Version 12.00
# Visual Studio Version 17
VisualStudioVersion = 17.0.31903.59
MinimumVisualStudioVersion = 10.0.40219.1
Project("{FAE04EC0-301F-11D3-BF4B-00C04F79EFBC}") = "LoreAgent", "agent\LoreAgent.csproj", "{A20552A0-D1FD-48AD-AC4B-2F6B8BC885EE}"
EndProject
Project("{FAE04EC0-301F-11D3-BF4B-00C04F79EFBC}") = "Lore.Cli", "cli\Lore.Cli.csproj", "{0C22DB57-F1E9-4840-8551-C8666FB7C00F}"
EndProject
Project("{FAE04EC0-301F-11D3-BF4B-00C04F79EFBC}") = "LoreAgent.Tests", "agent.tests\LoreAgent.Tests.csproj", "{8376FCD0-7A9F-4CF9-BF23-4BE87BAF207B}"
EndProject
Global
	GlobalSection(SolutionConfigurationPlatforms) = preSolution
		Debug|Any CPU = Debug|Any CPU
		Release|Any CPU = Release|Any CPU
	EndGlobalSection
	GlobalSection(SolutionProperties) = preSolution
		HideSolutionNode = FALSE
	EndGlobalSection
	GlobalSection(ProjectConfigurationPlatforms) = postSolution
		{A20552A0-D1FD-48AD-AC4B-2F6B8BC885EE}.Debug|Any CPU.ActiveCfg = Debug|Any CPU
		{A20552A0-D1FD-48AD-AC4B-2F6B8BC885EE}.Debug|Any CPU.Build.0 = Debug|Any CPU
		{A20552A0-D1FD-48AD-AC4B-2F6B8BC885EE}.Release|Any CPU.ActiveCfg = Release|Any CPU
		{A20552A0-D1FD-48AD-AC4B-2F6B8BC885EE}.Release|Any CPU.Build.0 = Release|Any CPU
		{0C22DB57-F1E9-4840-8551-C8666FB7C00F}.Debug|Any CPU.ActiveCfg = Debug|Any CPU
		{0C22DB57-F1E9-4840-8551-C8666FB7C00F}.Debug|Any CPU.Build.0 = Debug|Any CPU
		{0C22DB57-F1E9-4840-8551-C8666FB7C00F}.Release|Any CPU.ActiveCfg = Release|Any CPU
		{0C22DB57-F1E9-4840-8551-C8666FB7C00F}.Release|Any CPU.Build.0 = Release|Any CPU
		{8376FCD0-7A9F-4CF9-BF23-4BE87BAF207B}.Debug|Any CPU.ActiveCfg = Debug|Any CPU
		{8376FCD0-7A9F-4CF9-BF23-4BE87BAF207B}.Debug|Any CPU.Build.0 = Debug|Any CPU
		{8376FCD0-7A9F-4CF9-BF23-4BE87BAF207B}.Release|Any CPU.ActiveCfg = Release|Any CPU
		{8376FCD0-7A9F-4CF9-BF23-4BE87BAF207B}.Release|Any CPU.Build.0 = Release|Any CPU
	EndGlobalSection
EndGlobal
